// !$*UTF8*$!
{
	archiveVersion = 1;
	classes = {
	};
	objectVersion = 50;
	objects = {

/* Begin PBXBuildFile section */
		840FC6A2245F354D005A9D87 /* MeetingDetailsView.swift in Sources */ = {isa = PBXBuildFile; fileRef = 840FC6A1245F354D005A9D87 /* MeetingDetailsView.swift */; };
		84111013244F6CCF00BC4653 /* CalendarSummaryView.swift in Sources */ = {isa = PBXBuildFile; fileRef = 84111012244F6CCF00BC4653 /* CalendarSummaryView.swift */; };
		84111015244F701D00BC4653 /* CalendarSummaryViewModel.swift in Sources */ = {isa = PBXBuildFile; fileRef = 84111014244F701D00BC4653 /* CalendarSummaryViewModel.swift */; };
		8416A4AA2452081800943F0A /* Goal.swift in Sources */ = {isa = PBXBuildFile; fileRef = 8416A4A92452081800943F0A /* Goal.swift */; };
		8439BE6B24438A8A0031C21A /* DailyCalendar WatchKit App.app in Embed Watch Content */ = {isa = PBXBuildFile; fileRef = 8439BE6A24438A8A0031C21A /* DailyCalendar WatchKit App.app */; settings = {ATTRIBUTES = (RemoveHeadersOnCopy, ); }; };
		8439BE7124438A8A0031C21A /* Interface.storyboard in Resources */ = {isa = PBXBuildFile; fileRef = 8439BE6F24438A8A0031C21A /* Interface.storyboard */; };
		8439BE7324438A8C0031C21A /* Assets.xcassets in Resources */ = {isa = PBXBuildFile; fileRef = 8439BE7224438A8C0031C21A /* Assets.xcassets */; };
		8439BE7A24438A8C0031C21A /* DailyCalendar WatchKit Extension.appex in Embed App Extensions */ = {isa = PBXBuildFile; fileRef = 8439BE7924438A8C0031C21A /* DailyCalendar WatchKit Extension.appex */; settings = {ATTRIBUTES = (RemoveHeadersOnCopy, ); }; };
		8439BE8124438A8C0031C21A /* HomeHostringController.swift in Sources */ = {isa = PBXBuildFile; fileRef = 8439BE8024438A8C0031C21A /* HomeHostringController.swift */; };
		8439BE8324438A8C0031C21A /* ExtensionDelegate.swift in Sources */ = {isa = PBXBuildFile; fileRef = 8439BE8224438A8C0031C21A /* ExtensionDelegate.swift */; };
		8439BE8524438A8E0031C21A /* Assets.xcassets in Resources */ = {isa = PBXBuildFile; fileRef = 8439BE8424438A8E0031C21A /* Assets.xcassets */; };
		8439BE8824438A8E0031C21A /* Preview Assets.xcassets in Resources */ = {isa = PBXBuildFile; fileRef = 8439BE8724438A8E0031C21A /* Preview Assets.xcassets */; };
		8439BE9C24438BBC0031C21A /* HomeViewModel.swift in Sources */ = {isa = PBXBuildFile; fileRef = 8439BE9B24438BBC0031C21A /* HomeViewModel.swift */; };
		8439BE9E24438C1C0031C21A /* HomeView.swift in Sources */ = {isa = PBXBuildFile; fileRef = 8439BE9D24438C1C0031C21A /* HomeView.swift */; };
		8439BEA12443AA740031C21A /* Color+hex.swift in Sources */ = {isa = PBXBuildFile; fileRef = 8439BEA02443AA740031C21A /* Color+hex.swift */; };
		843C1C8F2451F4D900E8E86A /* GoalsListView.swift in Sources */ = {isa = PBXBuildFile; fileRef = 843C1C8E2451F4D900E8E86A /* GoalsListView.swift */; };
		843C1C922451F55400E8E86A /* GoalsCell.swift in Sources */ = {isa = PBXBuildFile; fileRef = 843C1C912451F55400E8E86A /* GoalsCell.swift */; };
		84D23BCE244F71E300B57A4F /* GoalsView.swift in Sources */ = {isa = PBXBuildFile; fileRef = 84D23BCD244F71E300B57A4F /* GoalsView.swift */; };
		84D23BD1244F723000B57A4F /* CircularProgress.swift in Sources */ = {isa = PBXBuildFile; fileRef = 84D23BD0244F723000B57A4F /* CircularProgress.swift */; };
		84D23BD3244F789E00B57A4F /* GoalsViewModel.swift in Sources */ = {isa = PBXBuildFile; fileRef = 84D23BD2244F789E00B57A4F /* GoalsViewModel.swift */; };
		84EE595F245EE91D005FC093 /* EventView.swift in Sources */ = {isa = PBXBuildFile; fileRef = 84EE595E245EE91D005FC093 /* EventView.swift */; };
		84EE5961245EE927005FC093 /* EmptyEventView.swift in Sources */ = {isa = PBXBuildFile; fileRef = 84EE5960245EE927005FC093 /* EmptyEventView.swift */; };
		84EE5963245EEB33005FC093 /* RoundedCorner.swift in Sources */ = {isa = PBXBuildFile; fileRef = 84EE5962245EEB33005FC093 /* RoundedCorner.swift */; };
		84EE5965245EF23E005FC093 /* EventModel.swift in Sources */ = {isa = PBXBuildFile; fileRef = 84EE5964245EF23E005FC093 /* EventModel.swift */; };
		84EE5967245EF3E8005FC093 /* MeetModel.swift in Sources */ = {isa = PBXBuildFile; fileRef = 84EE5966245EF3E8005FC093 /* MeetModel.swift */; };
		84EE5969245EF3FC005FC093 /* EmptyMeetModel.swift in Sources */ = {isa = PBXBuildFile; fileRef = 84EE5968245EF3FC005FC093 /* EmptyMeetModel.swift */; };
		84EE596B245EFA1E005FC093 /* DateExtension.swift in Sources */ = {isa = PBXBuildFile; fileRef = 84EE596A245EFA1E005FC093 /* DateExtension.swift */; };
		84EE596E245F01A1005FC093 /* CalendarView.swift in Sources */ = {isa = PBXBuildFile; fileRef = 84EE596D245F01A1005FC093 /* CalendarView.swift */; };
		84EE5972245F22CE005FC093 /* CalendarViewModel.swift in Sources */ = {isa = PBXBuildFile; fileRef = 84EE5971245F22CE005FC093 /* CalendarViewModel.swift */; };
/* End PBXBuildFile section */

/* Begin PBXContainerItemProxy section */
		8439BE6C24438A8A0031C21A /* PBXContainerItemProxy */ = {
			isa = PBXContainerItemProxy;
			containerPortal = 8439BE6024438A8A0031C21A /* Project object */;
			proxyType = 1;
			remoteGlobalIDString = 8439BE6924438A8A0031C21A;
			remoteInfo = "DailyCalendar WatchKit App";
		};
		8439BE7B24438A8C0031C21A /* PBXContainerItemProxy */ = {
			isa = PBXContainerItemProxy;
			containerPortal = 8439BE6024438A8A0031C21A /* Project object */;
			proxyType = 1;
			remoteGlobalIDString = 8439BE7824438A8C0031C21A;
			remoteInfo = "DailyCalendar WatchKit Extension";
		};
/* End PBXContainerItemProxy section */

/* Begin PBXCopyFilesBuildPhase section */
		8439BE8F24438A8E0031C21A /* Embed App Extensions */ = {
			isa = PBXCopyFilesBuildPhase;
			buildActionMask = 2147483647;
			dstPath = "";
			dstSubfolderSpec = 13;
			files = (
				8439BE7A24438A8C0031C21A /* DailyCalendar WatchKit Extension.appex in Embed App Extensions */,
			);
			name = "Embed App Extensions";
			runOnlyForDeploymentPostprocessing = 0;
		};
		8439BE9324438A8E0031C21A /* Embed Watch Content */ = {
			isa = PBXCopyFilesBuildPhase;
			buildActionMask = 2147483647;
			dstPath = "$(CONTENTS_FOLDER_PATH)/Watch";
			dstSubfolderSpec = 16;
			files = (
				8439BE6B24438A8A0031C21A /* DailyCalendar WatchKit App.app in Embed Watch Content */,
			);
			name = "Embed Watch Content";
			runOnlyForDeploymentPostprocessing = 0;
		};
/* End PBXCopyFilesBuildPhase section */

/* Begin PBXFileReference section */
		840FC6A1245F354D005A9D87 /* MeetingDetailsView.swift */ = {isa = PBXFileReference; lastKnownFileType = sourcecode.swift; path = MeetingDetailsView.swift; sourceTree = "<group>"; };
		84111012244F6CCF00BC4653 /* CalendarSummaryView.swift */ = {isa = PBXFileReference; lastKnownFileType = sourcecode.swift; path = CalendarSummaryView.swift; sourceTree = "<group>"; };
		84111014244F701D00BC4653 /* CalendarSummaryViewModel.swift */ = {isa = PBXFileReference; lastKnownFileType = sourcecode.swift; path = CalendarSummaryViewModel.swift; sourceTree = "<group>"; };
		8416A4A92452081800943F0A /* Goal.swift */ = {isa = PBXFileReference; lastKnownFileType = sourcecode.swift; path = Goal.swift; sourceTree = "<group>"; };
		8439BE6624438A8A0031C21A /* DailyCalendar.app */ = {isa = PBXFileReference; explicitFileType = wrapper.application; includeInIndex = 0; path = DailyCalendar.app; sourceTree = BUILT_PRODUCTS_DIR; };
		8439BE6A24438A8A0031C21A /* DailyCalendar WatchKit App.app */ = {isa = PBXFileReference; explicitFileType = wrapper.application; includeInIndex = 0; path = "DailyCalendar WatchKit App.app"; sourceTree = BUILT_PRODUCTS_DIR; };
		8439BE7024438A8A0031C21A /* Base */ = {isa = PBXFileReference; lastKnownFileType = file.storyboard; name = Base; path = Base.lproj/Interface.storyboard; sourceTree = "<group>"; };
		8439BE7224438A8C0031C21A /* Assets.xcassets */ = {isa = PBXFileReference; lastKnownFileType = folder.assetcatalog; path = Assets.xcassets; sourceTree = "<group>"; };
		8439BE7424438A8C0031C21A /* Info.plist */ = {isa = PBXFileReference; lastKnownFileType = text.plist.xml; path = Info.plist; sourceTree = "<group>"; };
		8439BE7924438A8C0031C21A /* DailyCalendar WatchKit Extension.appex */ = {isa = PBXFileReference; explicitFileType = "wrapper.app-extension"; includeInIndex = 0; path = "DailyCalendar WatchKit Extension.appex"; sourceTree = BUILT_PRODUCTS_DIR; };
		8439BE8024438A8C0031C21A /* HomeHostringController.swift */ = {isa = PBXFileReference; lastKnownFileType = sourcecode.swift; path = HomeHostringController.swift; sourceTree = "<group>"; };
		8439BE8224438A8C0031C21A /* ExtensionDelegate.swift */ = {isa = PBXFileReference; lastKnownFileType = sourcecode.swift; path = ExtensionDelegate.swift; sourceTree = "<group>"; };
		8439BE8424438A8E0031C21A /* Assets.xcassets */ = {isa = PBXFileReference; lastKnownFileType = folder.assetcatalog; path = Assets.xcassets; sourceTree = "<group>"; };
		8439BE8724438A8E0031C21A /* Preview Assets.xcassets */ = {isa = PBXFileReference; lastKnownFileType = folder.assetcatalog; path = "Preview Assets.xcassets"; sourceTree = "<group>"; };
		8439BE8924438A8E0031C21A /* Info.plist */ = {isa = PBXFileReference; lastKnownFileType = text.plist.xml; path = Info.plist; sourceTree = "<group>"; };
		8439BE9B24438BBC0031C21A /* HomeViewModel.swift */ = {isa = PBXFileReference; lastKnownFileType = sourcecode.swift; path = HomeViewModel.swift; sourceTree = "<group>"; };
		8439BE9D24438C1C0031C21A /* HomeView.swift */ = {isa = PBXFileReference; lastKnownFileType = sourcecode.swift; path = HomeView.swift; sourceTree = "<group>"; };
		8439BEA02443AA740031C21A /* Color+hex.swift */ = {isa = PBXFileReference; lastKnownFileType = sourcecode.swift; path = "Color+hex.swift"; sourceTree = "<group>"; };
		843C1C8E2451F4D900E8E86A /* GoalsListView.swift */ = {isa = PBXFileReference; lastKnownFileType = sourcecode.swift; path = GoalsListView.swift; sourceTree = "<group>"; };
		843C1C912451F55400E8E86A /* GoalsCell.swift */ = {isa = PBXFileReference; lastKnownFileType = sourcecode.swift; path = GoalsCell.swift; sourceTree = "<group>"; };
		84D23BCD244F71E300B57A4F /* GoalsView.swift */ = {isa = PBXFileReference; lastKnownFileType = sourcecode.swift; path = GoalsView.swift; sourceTree = "<group>"; };
		84D23BD0244F723000B57A4F /* CircularProgress.swift */ = {isa = PBXFileReference; lastKnownFileType = sourcecode.swift; path = CircularProgress.swift; sourceTree = "<group>"; };
		84D23BD2244F789E00B57A4F /* GoalsViewModel.swift */ = {isa = PBXFileReference; lastKnownFileType = sourcecode.swift; path = GoalsViewModel.swift; sourceTree = "<group>"; };
		84EE595E245EE91D005FC093 /* EventView.swift */ = {isa = PBXFileReference; lastKnownFileType = sourcecode.swift; path = EventView.swift; sourceTree = "<group>"; };
		84EE5960245EE927005FC093 /* EmptyEventView.swift */ = {isa = PBXFileReference; lastKnownFileType = sourcecode.swift; path = EmptyEventView.swift; sourceTree = "<group>"; };
		84EE5962245EEB33005FC093 /* RoundedCorner.swift */ = {isa = PBXFileReference; lastKnownFileType = sourcecode.swift; path = RoundedCorner.swift; sourceTree = "<group>"; };
		84EE5964245EF23E005FC093 /* EventModel.swift */ = {isa = PBXFileReference; lastKnownFileType = sourcecode.swift; path = EventModel.swift; sourceTree = "<group>"; };
		84EE5966245EF3E8005FC093 /* MeetModel.swift */ = {isa = PBXFileReference; lastKnownFileType = sourcecode.swift; path = MeetModel.swift; sourceTree = "<group>"; };
		84EE5968245EF3FC005FC093 /* EmptyMeetModel.swift */ = {isa = PBXFileReference; lastKnownFileType = sourcecode.swift; path = EmptyMeetModel.swift; sourceTree = "<group>"; };
		84EE596A245EFA1E005FC093 /* DateExtension.swift */ = {isa = PBXFileReference; lastKnownFileType = sourcecode.swift; path = DateExtension.swift; sourceTree = "<group>"; };
		84EE596D245F01A1005FC093 /* CalendarView.swift */ = {isa = PBXFileReference; lastKnownFileType = sourcecode.swift; path = CalendarView.swift; sourceTree = "<group>"; };
		84EE5971245F22CE005FC093 /* CalendarViewModel.swift */ = {isa = PBXFileReference; lastKnownFileType = sourcecode.swift; path = CalendarViewModel.swift; sourceTree = "<group>"; };
/* End PBXFileReference section */

/* Begin PBXFrameworksBuildPhase section */
		8439BE7624438A8C0031C21A /* Frameworks */ = {
			isa = PBXFrameworksBuildPhase;
			buildActionMask = 2147483647;
			files = (
			);
			runOnlyForDeploymentPostprocessing = 0;
		};
/* End PBXFrameworksBuildPhase section */

/* Begin PBXGroup section */
		840FC6A0245F3528005A9D87 /* MeetingDetailView */ = {
			isa = PBXGroup;
			children = (
				840FC6A1245F354D005A9D87 /* MeetingDetailsView.swift */,
			);
			path = MeetingDetailView;
			sourceTree = "<group>";
		};
		84111011244F6CAE00BC4653 /* CalendarSummaryView */ = {
			isa = PBXGroup;
			children = (
				84111012244F6CCF00BC4653 /* CalendarSummaryView.swift */,
				84111014244F701D00BC4653 /* CalendarSummaryViewModel.swift */,
			);
			path = CalendarSummaryView;
			sourceTree = "<group>";
		};
		8416A4A82452080B00943F0A /* Models */ = {
			isa = PBXGroup;
			children = (
				8416A4A92452081800943F0A /* Goal.swift */,
				84EE5964245EF23E005FC093 /* EventModel.swift */,
				84EE5966245EF3E8005FC093 /* MeetModel.swift */,
				84EE5968245EF3FC005FC093 /* EmptyMeetModel.swift */,
			);
			path = Models;
			sourceTree = "<group>";
		};
		8439BE5F24438A8A0031C21A = {
			isa = PBXGroup;
			children = (
				8439BE6E24438A8A0031C21A /* DailyCalendar WatchKit App */,
				8439BE7D24438A8C0031C21A /* DailyCalendar WatchKit Extension */,
				8439BE6724438A8A0031C21A /* Products */,
			);
			sourceTree = "<group>";
		};
		8439BE6724438A8A0031C21A /* Products */ = {
			isa = PBXGroup;
			children = (
				8439BE6624438A8A0031C21A /* DailyCalendar.app */,
				8439BE6A24438A8A0031C21A /* DailyCalendar WatchKit App.app */,
				8439BE7924438A8C0031C21A /* DailyCalendar WatchKit Extension.appex */,
			);
			name = Products;
			sourceTree = "<group>";
		};
		8439BE6E24438A8A0031C21A /* DailyCalendar WatchKit App */ = {
			isa = PBXGroup;
			children = (
				8439BE6F24438A8A0031C21A /* Interface.storyboard */,
				8439BE7224438A8C0031C21A /* Assets.xcassets */,
				8439BE7424438A8C0031C21A /* Info.plist */,
			);
			path = "DailyCalendar WatchKit App";
			sourceTree = "<group>";
		};
		8439BE7D24438A8C0031C21A /* DailyCalendar WatchKit Extension */ = {
			isa = PBXGroup;
			children = (
				8439BE8924438A8E0031C21A /* Info.plist */,
				8439BE8224438A8C0031C21A /* ExtensionDelegate.swift */,
				84D23BCF244F721900B57A4F /* Components */,
				8416A4A82452080B00943F0A /* Models */,
				8439BE9F2443AA650031C21A /* Extensions */,
				8439BE9824438AD90031C21A /* Flow */,
				8439BE8624438A8E0031C21A /* Preview Content */,
				8439BE9724438AD00031C21A /* Theme */,
			);
			path = "DailyCalendar WatchKit Extension";
			sourceTree = "<group>";
		};
		8439BE8624438A8E0031C21A /* Preview Content */ = {
			isa = PBXGroup;
			children = (
				8439BE8724438A8E0031C21A /* Preview Assets.xcassets */,
			);
			path = "Preview Content";
			sourceTree = "<group>";
		};
		8439BE9724438AD00031C21A /* Theme */ = {
			isa = PBXGroup;
			children = (
				8439BE8424438A8E0031C21A /* Assets.xcassets */,
			);
			path = Theme;
			sourceTree = "<group>";
		};
		8439BE9824438AD90031C21A /* Flow */ = {
			isa = PBXGroup;
			children = (
				840FC6A0245F3528005A9D87 /* MeetingDetailView */,
				84D23BD5244F7AEC00B57A4F /* GoalsListView */,
				84D23BD4244F7ADA00B57A4F /* CalendarView */,
				84D23BCC244F71D000B57A4F /* GoalsView */,
				84111011244F6CAE00BC4653 /* CalendarSummaryView */,
				8439BE9A24438AED0031C21A /* HomeView */,
				8439BE9924438AE60031C21A /* Hosting */,
			);
			path = Flow;
			sourceTree = "<group>";
		};
		8439BE9924438AE60031C21A /* Hosting */ = {
			isa = PBXGroup;
			children = (
				8439BE8024438A8C0031C21A /* HomeHostringController.swift */,
			);
			path = Hosting;
			sourceTree = "<group>";
		};
		8439BE9A24438AED0031C21A /* HomeView */ = {
			isa = PBXGroup;
			children = (
				8439BE9B24438BBC0031C21A /* HomeViewModel.swift */,
				8439BE9D24438C1C0031C21A /* HomeView.swift */,
			);
			path = HomeView;
			sourceTree = "<group>";
		};
		8439BE9F2443AA650031C21A /* Extensions */ = {
			isa = PBXGroup;
			children = (
				8439BEA02443AA740031C21A /* Color+hex.swift */,
				84EE596A245EFA1E005FC093 /* DateExtension.swift */,
			);
			path = Extensions;
			sourceTree = "<group>";
		};
		843C1C902451F52E00E8E86A /* GoalsCell */ = {
			isa = PBXGroup;
			children = (
				843C1C912451F55400E8E86A /* GoalsCell.swift */,
			);
			path = GoalsCell;
			sourceTree = "<group>";
		};
		84D23BCC244F71D000B57A4F /* GoalsView */ = {
			isa = PBXGroup;
			children = (
				84D23BCD244F71E300B57A4F /* GoalsView.swift */,
				84D23BD2244F789E00B57A4F /* GoalsViewModel.swift */,
			);
			path = GoalsView;
			sourceTree = "<group>";
		};
		84D23BCF244F721900B57A4F /* Components */ = {
			isa = PBXGroup;
			children = (
				84D23BD0244F723000B57A4F /* CircularProgress.swift */,
				84EE5962245EEB33005FC093 /* RoundedCorner.swift */,
			);
			path = Components;
			sourceTree = "<group>";
		};
		84D23BD4244F7ADA00B57A4F /* CalendarView */ = {
			isa = PBXGroup;
			children = (
				84EE596C245F018A005FC093 /* Calendar Components */,
				84EE596D245F01A1005FC093 /* CalendarView.swift */,
				84EE5971245F22CE005FC093 /* CalendarViewModel.swift */,
			);
			path = CalendarView;
			sourceTree = "<group>";
		};
		84D23BD5244F7AEC00B57A4F /* GoalsListView */ = {
			isa = PBXGroup;
			children = (
				843C1C902451F52E00E8E86A /* GoalsCell */,
				843C1C8E2451F4D900E8E86A /* GoalsListView.swift */,
			);
			path = GoalsListView;
			sourceTree = "<group>";
		};
		84EE596C245F018A005FC093 /* Calendar Components */ = {
			isa = PBXGroup;
			children = (
				84EE595E245EE91D005FC093 /* EventView.swift */,
				84EE5960245EE927005FC093 /* EmptyEventView.swift */,
			);
			path = "Calendar Components";
			sourceTree = "<group>";
		};
/* End PBXGroup section */

/* Begin PBXNativeTarget section */
		8439BE6524438A8A0031C21A /* DailyCalendar */ = {
			isa = PBXNativeTarget;
			buildConfigurationList = 8439BE9424438A8E0031C21A /* Build configuration list for PBXNativeTarget "DailyCalendar" */;
			buildPhases = (
				8439BE6424438A8A0031C21A /* Resources */,
				8439BE9324438A8E0031C21A /* Embed Watch Content */,
			);
			buildRules = (
			);
			dependencies = (
				8439BE6D24438A8A0031C21A /* PBXTargetDependency */,
			);
			name = DailyCalendar;
			productName = DailyCalendar;
			productReference = 8439BE6624438A8A0031C21A /* DailyCalendar.app */;
			productType = "com.apple.product-type.application.watchapp2-container";
		};
		8439BE6924438A8A0031C21A /* DailyCalendar WatchKit App */ = {
			isa = PBXNativeTarget;
			buildConfigurationList = 8439BE9024438A8E0031C21A /* Build configuration list for PBXNativeTarget "DailyCalendar WatchKit App" */;
			buildPhases = (
				8439BE6824438A8A0031C21A /* Resources */,
				8439BE8F24438A8E0031C21A /* Embed App Extensions */,
			);
			buildRules = (
			);
			dependencies = (
				8439BE7C24438A8C0031C21A /* PBXTargetDependency */,
			);
			name = "DailyCalendar WatchKit App";
			productName = "DailyCalendar WatchKit App";
			productReference = 8439BE6A24438A8A0031C21A /* DailyCalendar WatchKit App.app */;
			productType = "com.apple.product-type.application.watchapp2";
		};
		8439BE7824438A8C0031C21A /* DailyCalendar WatchKit Extension */ = {
			isa = PBXNativeTarget;
			buildConfigurationList = 8439BE8C24438A8E0031C21A /* Build configuration list for PBXNativeTarget "DailyCalendar WatchKit Extension" */;
			buildPhases = (
				8439BE7524438A8C0031C21A /* Sources */,
				8439BE7624438A8C0031C21A /* Frameworks */,
				8439BE7724438A8C0031C21A /* Resources */,
			);
			buildRules = (
			);
			dependencies = (
			);
			name = "DailyCalendar WatchKit Extension";
			productName = "DailyCalendar WatchKit Extension";
			productReference = 8439BE7924438A8C0031C21A /* DailyCalendar WatchKit Extension.appex */;
			productType = "com.apple.product-type.watchkit2-extension";
		};
/* End PBXNativeTarget section */

/* Begin PBXProject section */
		8439BE6024438A8A0031C21A /* Project object */ = {
			isa = PBXProject;
			attributes = {
				LastSwiftUpdateCheck = 1140;
				LastUpgradeCheck = 1140;
				ORGANIZATIONNAME = com.ivanfomenko.social;
				TargetAttributes = {
					8439BE6524438A8A0031C21A = {
						CreatedOnToolsVersion = 11.4;
					};
					8439BE6924438A8A0031C21A = {
						CreatedOnToolsVersion = 11.4;
					};
					8439BE7824438A8C0031C21A = {
						CreatedOnToolsVersion = 11.4;
					};
				};
			};
			buildConfigurationList = 8439BE6324438A8A0031C21A /* Build configuration list for PBXProject "DailyCalendar" */;
			compatibilityVersion = "Xcode 9.3";
			developmentRegion = en;
			hasScannedForEncodings = 0;
			knownRegions = (
				en,
				Base,
			);
			mainGroup = 8439BE5F24438A8A0031C21A;
			productRefGroup = 8439BE6724438A8A0031C21A /* Products */;
			projectDirPath = "";
			projectRoot = "";
			targets = (
				8439BE6524438A8A0031C21A /* DailyCalendar */,
				8439BE6924438A8A0031C21A /* DailyCalendar WatchKit App */,
				8439BE7824438A8C0031C21A /* DailyCalendar WatchKit Extension */,
			);
		};
/* End PBXProject section */

/* Begin PBXResourcesBuildPhase section */
		8439BE6424438A8A0031C21A /* Resources */ = {
			isa = PBXResourcesBuildPhase;
			buildActionMask = 2147483647;
			files = (
			);
			runOnlyForDeploymentPostprocessing = 0;
		};
		8439BE6824438A8A0031C21A /* Resources */ = {
			isa = PBXResourcesBuildPhase;
			buildActionMask = 2147483647;
			files = (
				8439BE7324438A8C0031C21A /* Assets.xcassets in Resources */,
				8439BE7124438A8A0031C21A /* Interface.storyboard in Resources */,
			);
			runOnlyForDeploymentPostprocessing = 0;
		};
		8439BE7724438A8C0031C21A /* Resources */ = {
			isa = PBXResourcesBuildPhase;
			buildActionMask = 2147483647;
			files = (
				8439BE8824438A8E0031C21A /* Preview Assets.xcassets in Resources */,
				8439BE8524438A8E0031C21A /* Assets.xcassets in Resources */,
			);
			runOnlyForDeploymentPostprocessing = 0;
		};
/* End PBXResourcesBuildPhase section */

/* Begin PBXSourcesBuildPhase section */
		8439BE7524438A8C0031C21A /* Sources */ = {
			isa = PBXSourcesBuildPhase;
			buildActionMask = 2147483647;
			files = (
				84111015244F701D00BC4653 /* CalendarSummaryViewModel.swift in Sources */,
				84EE596B245EFA1E005FC093 /* DateExtension.swift in Sources */,
				84EE595F245EE91D005FC093 /* EventView.swift in Sources */,
				84D23BD3244F789E00B57A4F /* GoalsViewModel.swift in Sources */,
				840FC6A2245F354D005A9D87 /* MeetingDetailsView.swift in Sources */,
				84EE5961245EE927005FC093 /* EmptyEventView.swift in Sources */,
				84EE5972245F22CE005FC093 /* CalendarViewModel.swift in Sources */,
				8439BE8124438A8C0031C21A /* HomeHostringController.swift in Sources */,
				84EE5965245EF23E005FC093 /* EventModel.swift in Sources */,
				8439BEA12443AA740031C21A /* Color+hex.swift in Sources */,
				84EE596E245F01A1005FC093 /* CalendarView.swift in Sources */,
				84D23BCE244F71E300B57A4F /* GoalsView.swift in Sources */,
				8439BE9E24438C1C0031C21A /* HomeView.swift in Sources */,
				84EE5963245EEB33005FC093 /* RoundedCorner.swift in Sources */,
				84111013244F6CCF00BC4653 /* CalendarSummaryView.swift in Sources */,
				843C1C8F2451F4D900E8E86A /* GoalsListView.swift in Sources */,
				84EE5967245EF3E8005FC093 /* MeetModel.swift in Sources */,
				8416A4AA2452081800943F0A /* Goal.swift in Sources */,
				84EE5969245EF3FC005FC093 /* EmptyMeetModel.swift in Sources */,
				843C1C922451F55400E8E86A /* GoalsCell.swift in Sources */,
				8439BE8324438A8C0031C21A /* ExtensionDelegate.swift in Sources */,
				84D23BD1244F723000B57A4F /* CircularProgress.swift in Sources */,
				8439BE9C24438BBC0031C21A /* HomeViewModel.swift in Sources */,
			);
			runOnlyForDeploymentPostprocessing = 0;
		};
/* End PBXSourcesBuildPhase section */

/* Begin PBXTargetDependency section */
		8439BE6D24438A8A0031C21A /* PBXTargetDependency */ = {
			isa = PBXTargetDependency;
			target = 8439BE6924438A8A0031C21A /* DailyCalendar WatchKit App */;
			targetProxy = 8439BE6C24438A8A0031C21A /* PBXContainerItemProxy */;
		};
		8439BE7C24438A8C0031C21A /* PBXTargetDependency */ = {
			isa = PBXTargetDependency;
			target = 8439BE7824438A8C0031C21A /* DailyCalendar WatchKit Extension */;
			targetProxy = 8439BE7B24438A8C0031C21A /* PBXContainerItemProxy */;
		};
/* End PBXTargetDependency section */

/* Begin PBXVariantGroup section */
		8439BE6F24438A8A0031C21A /* Interface.storyboard */ = {
			isa = PBXVariantGroup;
			children = (
				8439BE7024438A8A0031C21A /* Base */,
			);
			name = Interface.storyboard;
			sourceTree = "<group>";
		};
/* End PBXVariantGroup section */

/* Begin XCBuildConfiguration section */
		8439BE8A24438A8E0031C21A /* Debug */ = {
			isa = XCBuildConfiguration;
			buildSettings = {
				ALWAYS_SEARCH_USER_PATHS = NO;
				CLANG_ANALYZER_NONNULL = YES;
				CLANG_ANALYZER_NUMBER_OBJECT_CONVERSION = YES_AGGRESSIVE;
				CLANG_CXX_LANGUAGE_STANDARD = "gnu++14";
				CLANG_CXX_LIBRARY = "libc++";
				CLANG_ENABLE_MODULES = YES;
				CLANG_ENABLE_OBJC_ARC = YES;
				CLANG_ENABLE_OBJC_WEAK = YES;
				CLANG_WARN_BLOCK_CAPTURE_AUTORELEASING = YES;
				CLANG_WARN_BOOL_CONVERSION = YES;
				CLANG_WARN_COMMA = YES;
				CLANG_WARN_CONSTANT_CONVERSION = YES;
				CLANG_WARN_DEPRECATED_OBJC_IMPLEMENTATIONS = YES;
				CLANG_WARN_DIRECT_OBJC_ISA_USAGE = YES_ERROR;
				CLANG_WARN_DOCUMENTATION_COMMENTS = YES;
				CLANG_WARN_EMPTY_BODY = YES;
				CLANG_WARN_ENUM_CONVERSION = YES;
				CLANG_WARN_INFINITE_RECURSION = YES;
				CLANG_WARN_INT_CONVERSION = YES;
				CLANG_WARN_NON_LITERAL_NULL_CONVERSION = YES;
				CLANG_WARN_OBJC_IMPLICIT_RETAIN_SELF = YES;
				CLANG_WARN_OBJC_LITERAL_CONVERSION = YES;
				CLANG_WARN_OBJC_ROOT_CLASS = YES_ERROR;
				CLANG_WARN_RANGE_LOOP_ANALYSIS = YES;
				CLANG_WARN_STRICT_PROTOTYPES = YES;
				CLANG_WARN_SUSPICIOUS_MOVE = YES;
				CLANG_WARN_UNGUARDED_AVAILABILITY = YES_AGGRESSIVE;
				CLANG_WARN_UNREACHABLE_CODE = YES;
				CLANG_WARN__DUPLICATE_METHOD_MATCH = YES;
				COPY_PHASE_STRIP = NO;
				DEBUG_INFORMATION_FORMAT = dwarf;
				ENABLE_STRICT_OBJC_MSGSEND = YES;
				ENABLE_TESTABILITY = YES;
				GCC_C_LANGUAGE_STANDARD = gnu11;
				GCC_DYNAMIC_NO_PIC = NO;
				GCC_NO_COMMON_BLOCKS = YES;
				GCC_OPTIMIZATION_LEVEL = 0;
				GCC_PREPROCESSOR_DEFINITIONS = (
					"DEBUG=1",
					"$(inherited)",
				);
				GCC_WARN_64_TO_32_BIT_CONVERSION = YES;
				GCC_WARN_ABOUT_RETURN_TYPE = YES_ERROR;
				GCC_WARN_UNDECLARED_SELECTOR = YES;
				GCC_WARN_UNINITIALIZED_AUTOS = YES_AGGRESSIVE;
				GCC_WARN_UNUSED_FUNCTION = YES;
				GCC_WARN_UNUSED_VARIABLE = YES;
				MTL_ENABLE_DEBUG_INFO = INCLUDE_SOURCE;
				MTL_FAST_MATH = YES;
				ONLY_ACTIVE_ARCH = YES;
				SDKROOT = iphoneos;
				SWIFT_ACTIVE_COMPILATION_CONDITIONS = DEBUG;
				SWIFT_OPTIMIZATION_LEVEL = "-Onone";
			};
			name = Debug;
		};
		8439BE8B24438A8E0031C21A /* Release */ = {
			isa = XCBuildConfiguration;
			buildSettings = {
				ALWAYS_SEARCH_USER_PATHS = NO;
				CLANG_ANALYZER_NONNULL = YES;
				CLANG_ANALYZER_NUMBER_OBJECT_CONVERSION = YES_AGGRESSIVE;
				CLANG_CXX_LANGUAGE_STANDARD = "gnu++14";
				CLANG_CXX_LIBRARY = "libc++";
				CLANG_ENABLE_MODULES = YES;
				CLANG_ENABLE_OBJC_ARC = YES;
				CLANG_ENABLE_OBJC_WEAK = YES;
				CLANG_WARN_BLOCK_CAPTURE_AUTORELEASING = YES;
				CLANG_WARN_BOOL_CONVERSION = YES;
				CLANG_WARN_COMMA = YES;
				CLANG_WARN_CONSTANT_CONVERSION = YES;
				CLANG_WARN_DEPRECATED_OBJC_IMPLEMENTATIONS = YES;
				CLANG_WARN_DIRECT_OBJC_ISA_USAGE = YES_ERROR;
				CLANG_WARN_DOCUMENTATION_COMMENTS = YES;
				CLANG_WARN_EMPTY_BODY = YES;
				CLANG_WARN_ENUM_CONVERSION = YES;
				CLANG_WARN_INFINITE_RECURSION = YES;
				CLANG_WARN_INT_CONVERSION = YES;
				CLANG_WARN_NON_LITERAL_NULL_CONVERSION = YES;
				CLANG_WARN_OBJC_IMPLICIT_RETAIN_SELF = YES;
				CLANG_WARN_OBJC_LITERAL_CONVERSION = YES;
				CLANG_WARN_OBJC_ROOT_CLASS = YES_ERROR;
				CLANG_WARN_RANGE_LOOP_ANALYSIS = YES;
				CLANG_WARN_STRICT_PROTOTYPES = YES;
				CLANG_WARN_SUSPICIOUS_MOVE = YES;
				CLANG_WARN_UNGUARDED_AVAILABILITY = YES_AGGRESSIVE;
				CLANG_WARN_UNREACHABLE_CODE = YES;
				CLANG_WARN__DUPLICATE_METHOD_MATCH = YES;
				COPY_PHASE_STRIP = NO;
				DEBUG_INFORMATION_FORMAT = "dwarf-with-dsym";
				ENABLE_NS_ASSERTIONS = NO;
				ENABLE_STRICT_OBJC_MSGSEND = YES;
				GCC_C_LANGUAGE_STANDARD = gnu11;
				GCC_NO_COMMON_BLOCKS = YES;
				GCC_WARN_64_TO_32_BIT_CONVERSION = YES;
				GCC_WARN_ABOUT_RETURN_TYPE = YES_ERROR;
				GCC_WARN_UNDECLARED_SELECTOR = YES;
				GCC_WARN_UNINITIALIZED_AUTOS = YES_AGGRESSIVE;
				GCC_WARN_UNUSED_FUNCTION = YES;
				GCC_WARN_UNUSED_VARIABLE = YES;
				MTL_ENABLE_DEBUG_INFO = NO;
				MTL_FAST_MATH = YES;
				SDKROOT = iphoneos;
				SWIFT_COMPILATION_MODE = wholemodule;
				SWIFT_OPTIMIZATION_LEVEL = "-O";
				VALIDATE_PRODUCT = YES;
			};
			name = Release;
		};
		8439BE8D24438A8E0031C21A /* Debug */ = {
			isa = XCBuildConfiguration;
			buildSettings = {
				ASSETCATALOG_COMPILER_COMPLICATION_NAME = Complication;
				CODE_SIGN_STYLE = Automatic;
				DEVELOPMENT_ASSET_PATHS = "\"DailyCalendar WatchKit Extension/Preview Content\"";
				DEVELOPMENT_TEAM = N4K99YM597;
				ENABLE_PREVIEWS = YES;
				INFOPLIST_FILE = "DailyCalendar WatchKit Extension/Info.plist";
				LD_RUNPATH_SEARCH_PATHS = (
					"$(inherited)",
					"@executable_path/Frameworks",
					"@executable_path/../../Frameworks",
				);
				PRODUCT_BUNDLE_IDENTIFIER = com.ivanfomenko.DailyCalendar.watchkitapp.watchkitextension;
				PRODUCT_NAME = "${TARGET_NAME}";
				SDKROOT = watchos;
				SKIP_INSTALL = YES;
				SWIFT_VERSION = 5.0;
				TARGETED_DEVICE_FAMILY = 4;
				WATCHOS_DEPLOYMENT_TARGET = 6.2;
			};
			name = Debug;
		};
		8439BE8E24438A8E0031C21A /* Release */ = {
			isa = XCBuildConfiguration;
			buildSettings = {
				ASSETCATALOG_COMPILER_COMPLICATION_NAME = Complication;
				CODE_SIGN_STYLE = Automatic;
				DEVELOPMENT_ASSET_PATHS = "\"DailyCalendar WatchKit Extension/Preview Content\"";
				DEVELOPMENT_TEAM = N4K99YM597;
				ENABLE_PREVIEWS = YES;
				INFOPLIST_FILE = "DailyCalendar WatchKit Extension/Info.plist";
				LD_RUNPATH_SEARCH_PATHS = (
					"$(inherited)",
					"@executable_path/Frameworks",
					"@executable_path/../../Frameworks",
				);
				PRODUCT_BUNDLE_IDENTIFIER = com.ivanfomenko.DailyCalendar.watchkitapp.watchkitextension;
				PRODUCT_NAME = "${TARGET_NAME}";
				SDKROOT = watchos;
				SKIP_INSTALL = YES;
				SWIFT_VERSION = 5.0;
				TARGETED_DEVICE_FAMILY = 4;
				WATCHOS_DEPLOYMENT_TARGET = 6.2;
			};
			name = Release;
		};
		8439BE9124438A8E0031C21A /* Debug */ = {
			isa = XCBuildConfiguration;
			buildSettings = {
				ALWAYS_EMBED_SWIFT_STANDARD_LIBRARIES = YES;
				ASSETCATALOG_COMPILER_APPICON_NAME = AppIcon;
				CODE_SIGN_STYLE = Automatic;
				DEVELOPMENT_TEAM = N4K99YM597;
				IBSC_MODULE = DailyCalendar_WatchKit_Extension;
				INFOPLIST_FILE = "DailyCalendar WatchKit App/Info.plist";
				PRODUCT_BUNDLE_IDENTIFIER = com.ivanfomenko.DailyCalendar.watchkitapp;
				PRODUCT_NAME = "$(TARGET_NAME)";
				SDKROOT = watchos;
				SKIP_INSTALL = YES;
				SWIFT_VERSION = 5.0;
				TARGETED_DEVICE_FAMILY = 4;
				WATCHOS_DEPLOYMENT_TARGET = 6.2;
			};
			name = Debug;
		};
		8439BE9224438A8E0031C21A /* Release */ = {
			isa = XCBuildConfiguration;
			buildSettings = {
				ALWAYS_EMBED_SWIFT_STANDARD_LIBRARIES = YES;
				ASSETCATALOG_COMPILER_APPICON_NAME = AppIcon;
				CODE_SIGN_STYLE = Automatic;
				DEVELOPMENT_TEAM = N4K99YM597;
				IBSC_MODULE = DailyCalendar_WatchKit_Extension;
				INFOPLIST_FILE = "DailyCalendar WatchKit App/Info.plist";
				PRODUCT_BUNDLE_IDENTIFIER = com.ivanfomenko.DailyCalendar.watchkitapp;
				PRODUCT_NAME = "$(TARGET_NAME)";
				SDKROOT = watchos;
				SKIP_INSTALL = YES;
				SWIFT_VERSION = 5.0;
				TARGETED_DEVICE_FAMILY = 4;
				WATCHOS_DEPLOYMENT_TARGET = 6.2;
			};
			name = Release;
		};
		8439BE9524438A8E0031C21A /* Debug */ = {
			isa = XCBuildConfiguration;
			buildSettings = {
				CODE_SIGN_STYLE = Automatic;
				CURRENT_PROJECT_VERSION = 1;
				DEVELOPMENT_TEAM = N4K99YM597;
				MARKETING_VERSION = 1.0;
				PRODUCT_BUNDLE_IDENTIFIER = com.ivanfomenko.DailyCalendar;
				PRODUCT_NAME = "$(TARGET_NAME)";
				SWIFT_VERSION = 5.0;
			};
			name = Debug;
		};
		8439BE9624438A8E0031C21A /* Release */ = {
			isa = XCBuildConfiguration;
			buildSettings = {
				CODE_SIGN_STYLE = Automatic;
				CURRENT_PROJECT_VERSION = 1;
				DEVELOPMENT_TEAM = N4K99YM597;
				MARKETING_VERSION = 1.0;
				PRODUCT_BUNDLE_IDENTIFIER = com.ivanfomenko.DailyCalendar;
				PRODUCT_NAME = "$(TARGET_NAME)";
				SWIFT_VERSION = 5.0;
			};
			name = Release;
		};
/* End XCBuildConfiguration section */

/* Begin XCConfigurationList section */
		8439BE6324438A8A0031C21A /* Build configuration list for PBXProject "DailyCalendar" */ = {
			isa = XCConfigurationList;
			buildConfigurations = (
				8439BE8A24438A8E0031C21A /* Debug */,
				8439BE8B24438A8E0031C21A /* Release */,
			);
			defaultConfigurationIsVisible = 0;
			defaultConfigurationName = Release;
		};
		8439BE8C24438A8E0031C21A /* Build configuration list for PBXNativeTarget "DailyCalendar WatchKit Extension" */ = {
			isa = XCConfigurationList;
			buildConfigurations = (
				8439BE8D24438A8E0031C21A /* Debug */,
				8439BE8E24438A8E0031C21A /* Release */,
			);
			defaultConfigurationIsVisible = 0;
			defaultConfigurationName = Release;
		};
		8439BE9024438A8E0031C21A /* Build configuration list for PBXNativeTarget "DailyCalendar WatchKit App" */ = {
			isa = XCConfigurationList;
			buildConfigurations = (
				8439BE9124438A8E0031C21A /* Debug */,
				8439BE9224438A8E0031C21A /* Release */,
			);
			defaultConfigurationIsVisible = 0;
			defaultConfigurationName = Release;
		};
		8439BE9424438A8E0031C21A /* Build configuration list for PBXNativeTarget "DailyCalendar" */ = {
			isa = XCConfigurationList;
			buildConfigurations = (
				8439BE9524438A8E0031C21A /* Debug */,
				8439BE9624438A8E0031C21A /* Release */,
			);
			defaultConfigurationIsVisible = 0;
			defaultConfigurationName = Release;
		};
/* End XCConfigurationList section */
	};
	rootObject = 8439BE6024438A8A0031C21A /* Project object */;
}
